
Microsoft Visual Studio Solution File, Format Version 12.00
# Visual Studio Version 16
VisualStudioVersion = 16.0.31515.178
MinimumVisualStudioVersion = 10.0.40219.1
Project("{FAE04EC0-301F-11D3-BF4B-00C04F79EFBC}") = "TpPav", "TpPav\TpPav.csproj", "{BEDC2576-EEF0-44F5-988B-30FF2C6C81D6}"
EndProject
Global
	GlobalSection(SolutionConfigurationPlatforms) = preSolution
		Debug|Any CPU = Debug|Any CPU
		Release|Any CPU = Release|Any CPU
	EndGlobalSection
	GlobalSection(ProjectConfigurationPlatforms) = postSolution
		{BEDC2576-EEF0-44F5-988B-30FF2C6C81D6}.Debug|Any CPU.ActiveCfg = Debug|Any CPU
		{BEDC2576-EEF0-44F5-988B-30FF2C6C81D6}.Debug|Any CPU.Build.0 = Debug|Any CPU
		{BEDC2576-EEF0-44F5-988B-30FF2C6C81D6}.Release|Any CPU.ActiveCfg = Release|Any CPU
		{BEDC2576-EEF0-44F5-988B-30FF2C6C81D6}.Release|Any CPU.Build.0 = Release|Any CPU
	EndGlobalSection
	GlobalSection(SolutionProperties) = preSolution
		HideSolutionNode = FALSE
	EndGlobalSection
	GlobalSection(ExtensibilityGlobals) = postSolution
		SolutionGuid = {4F0B9EE3-92C8-4C0A-BC8F-CEFE626E5571}
	EndGlobalSection
EndGlobal
